
Microsoft Visual Studio Solution File, Format Version 12.00
Project("{FAE04EC0-301F-11D3-BF4B-00C04F79EFBC}") = "ConsoleApp1", "ConsoleApp1\ConsoleApp1.csproj", "{5EAD5D39-F2B7-46A1-8794-EBD8D221E89A}"
EndProject
Project("{FAE04EC0-301F-11D3-BF4B-00C04F79EFBC}") = "ConsoleApp1.Tests", "ConsoleApp1.Tests\ConsoleApp1.Tests.csproj", "{DC4FEF26-3687-4860-8426-FB510EB1F809}"
EndProject
Global
	GlobalSection(SolutionConfigurationPlatforms) = preSolution
		Debug|Any CPU = Debug|Any CPU
		Release|Any CPU = Release|Any CPU
	EndGlobalSection
	GlobalSection(ProjectConfigurationPlatforms) = postSolution
		{5EAD5D39-F2B7-46A1-8794-EBD8D221E89A}.Debug|Any CPU.ActiveCfg = Debug|Any CPU
		{5EAD5D39-F2B7-46A1-8794-EBD8D221E89A}.Debug|Any CPU.Build.0 = Debug|Any CPU
		{5EAD5D39-F2B7-46A1-8794-EBD8D221E89A}.Release|Any CPU.ActiveCfg = Release|Any CPU
		{5EAD5D39-F2B7-46A1-8794-EBD8D221E89A}.Release|Any CPU.Build.0 = Release|Any CPU
		{DC4FEF26-3687-4860-8426-FB510EB1F809}.Debug|Any CPU.ActiveCfg = Debug|Any CPU
		{DC4FEF26-3687-4860-8426-FB510EB1F809}.Debug|Any CPU.Build.0 = Debug|Any CPU
		{DC4FEF26-3687-4860-8426-FB510EB1F809}.Release|Any CPU.ActiveCfg = Release|Any CPU
		{DC4FEF26-3687-4860-8426-FB510EB1F809}.Release|Any CPU.Build.0 = Release|Any CPU
	EndGlobalSection
EndGlobal
